Microsoft Visual Studio Solution File, Format Version 12.00
# Visual Studio Version 17
VisualStudioVersion = 17.5.2.0
MinimumVisualStudioVersion = 10.0.40219.1
Project("{FAE04EC0-301F-11D3-BF4B-00C04F79EFBC}") = "StudentFriendlyCalculator", "StudentFriendlyCalculator.csproj", "{A9946248-D75F-68E7-1614-1EBDB8329372}"
EndProject
Global
	GlobalSection(SolutionConfigurationPlatforms) = preSolution
		Debug|Any CPU = Debug|Any CPU
		Release|Any CPU = Release|Any CPU
	EndGlobalSection
	GlobalSection(ProjectConfigurationPlatforms) = postSolution
		{A9946248-D75F-68E7-1614-1EBDB8329372}.Debug|Any CPU.ActiveCfg = Debug|Any CPU
		{A9946248-D75F-68E7-1614-1EBDB8329372}.Debug|Any CPU.Build.0 = Debug|Any CPU
		{A9946248-D75F-68E7-1614-1EBDB8329372}.Release|Any CPU.ActiveCfg = Release|Any CPU
		{A9946248-D75F-68E7-1614-1EBDB8329372}.Release|Any CPU.Build.0 = Release|Any CPU
	EndGlobalSection
	GlobalSection(SolutionProperties) = preSolution
		HideSolutionNode = FALSE
	EndGlobalSection
	GlobalSection(ExtensibilityGlobals) = postSolution
		SolutionGuid = {676CCA6A-81B6-4402-9889-789CB04F6810}
	EndGlobalSection
EndGlobal
